// !$*UTF8*$!
{
	archiveVersion = 1;
	classes = {
	};
	objectVersion = 46;
	objects = {

/* Begin PBXBuildFile section */
		C311EFC11CA8F713002BE654 /* AppDelegate.swift in Sources */ = {isa = PBXBuildFile; fileRef = C311EFC01CA8F713002BE654 /* AppDelegate.swift */; };
		C311EFC31CA8F713002BE654 /* FirstViewController.swift in Sources */ = {isa = PBXBuildFile; fileRef = C311EFC21CA8F713002BE654 /* FirstViewController.swift */; };
		C311EFC51CA8F713002BE654 /* LocationVC.swift in Sources */ = {isa = PBXBuildFile; fileRef = C311EFC41CA8F713002BE654 /* LocationVC.swift */; };
		C311EFC81CA8F713002BE654 /* Main.storyboard in Resources */ = {isa = PBXBuildFile; fileRef = C311EFC61CA8F713002BE654 /* Main.storyboard */; };
		C311EFCA1CA8F713002BE654 /* Assets.xcassets in Resources */ = {isa = PBXBuildFile; fileRef = C311EFC91CA8F713002BE654 /* Assets.xcassets */; };
		C311EFCD1CA8F713002BE654 /* LaunchScreen.storyboard in Resources */ = {isa = PBXBuildFile; fileRef = C311EFCB1CA8F713002BE654 /* LaunchScreen.storyboard */; };
		C31B74961CAB8D92001310A2 /* BootcampAnnotation.swift in Sources */ = {isa = PBXBuildFile; fileRef = C31B74951CAB8D92001310A2 /* BootcampAnnotation.swift */; };
/* End PBXBuildFile section */

/* Begin PBXFileReference section */
		C311EFBD1CA8F713002BE654 /* DevBootCamps.app */ = {isa = PBXFileReference; explicitFileType = wrapper.application; includeInIndex = 0; path = DevBootCamps.app; sourceTree = BUILT_PRODUCTS_DIR; };
		C311EFC01CA8F713002BE654 /* AppDelegate.swift */ = {isa = PBXFileReference; lastKnownFileType = sourcecode.swift; path = AppDelegate.swift; sourceTree = "<group>"; };
		C311EFC21CA8F713002BE654 /* FirstViewController.swift */ = {isa = PBXFileReference; lastKnownFileType = sourcecode.swift; path = FirstViewController.swift; sourceTree = "<group>"; };
		C311EFC41CA8F713002BE654 /* LocationVC.swift */ = {isa = PBXFileReference; lastKnownFileType = sourcecode.swift; path = LocationVC.swift; sourceTree = "<group>"; };
		C311EFC71CA8F713002BE654 /* Base */ = {isa = PBXFileReference; lastKnownFileType = file.storyboard; name = Base; path = Base.lproj/Main.storyboard; sourceTree = "<group>"; };
		C311EFC91CA8F713002BE654 /* Assets.xcassets */ = {isa = PBXFileReference; lastKnownFileType = folder.assetcatalog; path = Assets.xcassets; sourceTree = "<group>"; };
		C311EFCC1CA8F713002BE654 /* Base */ = {isa = PBXFileReference; lastKnownFileType = file.storyboard; name = Base; path = Base.lproj/LaunchScreen.storyboard; sourceTree = "<group>"; };
		C311EFCE1CA8F713002BE654 /* Info.plist */ = {isa = PBXFileReference; lastKnownFileType = text.plist.xml; path = Info.plist; sourceTree = "<group>"; };
		C31B74951CAB8D92001310A2 /* BootcampAnnotation.swift */ = {isa = PBXFileReference; fileEncoding = 4; lastKnownFileType = sourcecode.swift; path = BootcampAnnotation.swift; sourceTree = "<group>"; };
/* End PBXFileReference section */

/* Begin PBXFrameworksBuildPhase section */
		C311EFBA1CA8F713002BE654 /* Frameworks */ = {
			isa = PBXFrameworksBuildPhase;
			buildActionMask = 2147483647;
			files = (
			);
			runOnlyForDeploymentPostprocessing = 0;
		};
/* End PBXFrameworksBuildPhase section */

/* Begin PBXGroup section */
		C311EFB41CA8F713002BE654 = {
			isa = PBXGroup;
			children = (
				C311EFBF1CA8F713002BE654 /* DevBootCamps */,
				C311EFBE1CA8F713002BE654 /* Products */,
			);
			sourceTree = "<group>";
		};
		C311EFBE1CA8F713002BE654 /* Products */ = {
			isa = PBXGroup;
			children = (
				C311EFBD1CA8F713002BE654 /* DevBootCamps.app */,
			);
			name = Products;
			sourceTree = "<group>";
		};
		C311EFBF1CA8F713002BE654 /* DevBootCamps */ = {
			isa = PBXGroup;
			children = (
				C311EFC01CA8F713002BE654 /* AppDelegate.swift */,
				C311EFC21CA8F713002BE654 /* FirstViewController.swift */,
				C311EFC41CA8F713002BE654 /* LocationVC.swift */,
				C311EFC61CA8F713002BE654 /* Main.storyboard */,
				C311EFC91CA8F713002BE654 /* Assets.xcassets */,
				C311EFCB1CA8F713002BE654 /* LaunchScreen.storyboard */,
				C311EFCE1CA8F713002BE654 /* Info.plist */,
				C31B74951CAB8D92001310A2 /* BootcampAnnotation.swift */,
			);
			path = DevBootCamps;
			sourceTree = "<group>";
		};
/* End PBXGroup section */

/* Begin PBXNativeTarget section */
		C311EFBC1CA8F713002BE654 /* DevBootCamps */ = {
			isa = PBXNativeTarget;
			buildConfigurationList = C311EFD11CA8F713002BE654 /* Build configuration list for PBXNativeTarget "DevBootCamps" */;
			buildPhases = (
				C311EFB91CA8F713002BE654 /* Sources */,
				C311EFBA1CA8F713002BE654 /* Frameworks */,
				C311EFBB1CA8F713002BE654 /* Resources */,
			);
			buildRules = (
			);
			dependencies = (
			);
			name = DevBootCamps;
			productName = DevBootCamps;
			productReference = C311EFBD1CA8F713002BE654 /* DevBootCamps.app */;
			productType = "com.apple.product-type.application";
		};
/* End PBXNativeTarget section */

/* Begin PBXProject section */
		C311EFB51CA8F713002BE654 /* Project object */ = {
			isa = PBXProject;
			attributes = {
				LastSwiftUpdateCheck = 0720;
				LastUpgradeCheck = 0720;
				ORGANIZATIONNAME = NeoChoi;
				TargetAttributes = {
					C311EFBC1CA8F713002BE654 = {
						CreatedOnToolsVersion = 7.2.1;
						DevelopmentTeam = SGWA5US984;
					};
				};
			};
			buildConfigurationList = C311EFB81CA8F713002BE654 /* Build configuration list for PBXProject "DevBootCamps" */;
			compatibilityVersion = "Xcode 3.2";
			developmentRegion = English;
			hasScannedForEncodings = 0;
			knownRegions = (
				en,
				Base,
			);
			mainGroup = C311EFB41CA8F713002BE654;
			productRefGroup = C311EFBE1CA8F713002BE654 /* Products */;
			projectDirPath = "";
			projectRoot = "";
			targets = (
				C311EFBC1CA8F713002BE654 /* DevBootCamps */,
			);
		};
/* End PBXProject section */

/* Begin PBXResourcesBuildPhase section */
		C311EFBB1CA8F713002BE654 /* Resources */ = {
			isa = PBXResourcesBuildPhase;
			buildActionMask = 2147483647;
			files = (
				C311EFCD1CA8F713002BE654 /* LaunchScreen.storyboard in Resources */,
				C311EFCA1CA8F713002BE654 /* Assets.xcassets in Resources */,
				C311EFC81CA8F713002BE654 /* Main.storyboard in Resources */,
			);
			runOnlyForDeploymentPostprocessing = 0;
		};
/* End PBXResourcesBuildPhase section */

/* Begin PBXSourcesBuildPhase section */
		C311EFB91CA8F713002BE654 /* Sources */ = {
			isa = PBXSourcesBuildPhase;
			buildActionMask = 2147483647;
			files = (
				C311EFC51CA8F713002BE654 /* LocationVC.swift in Sources */,
				C311EFC11CA8F713002BE654 /* AppDelegate.swift in Sources */,
				C311EFC31CA8F713002BE654 /* FirstViewController.swift in Sources */,
				C31B74961CAB8D92001310A2 /* BootcampAnnotation.swift in Sources */,
			);
			runOnlyForDeploymentPostprocessing = 0;
		};
/* End PBXSourcesBuildPhase section */

/* Begin PBXVariantGroup section */
		C311EFC61CA8F713002BE654 /* Main.storyboard */ = {
			isa = PBXVariantGroup;
			children = (
				C311EFC71CA8F713002BE654 /* Base */,
			);
			name = Main.storyboard;
			sourceTree = "<group>";
		};
		C311EFCB1CA8F713002BE654 /* LaunchScreen.storyboard */ = {
			isa = PBXVariantGroup;
			children = (
				C311EFCC1CA8F713002BE654 /* Base */,
			);
			name = LaunchScreen.storyboard;
			sourceTree = "<group>";
		};
/* End PBXVariantGroup section */

/* Begin XCBuildConfiguration section */
		C311EFCF1CA8F713002BE654 /* Debug */ = {
			isa = XCBuildConfiguration;
			buildSettings = {
				ALWAYS_SEARCH_USER_PATHS = NO;
				CLANG_CXX_LANGUAGE_STANDARD = "gnu++0x";
				CLANG_CXX_LIBRARY = "libc++";
				CLANG_ENABLE_MODULES = YES;
				CLANG_ENABLE_OBJC_ARC = YES;
				CLANG_WARN_BOOL_CONVERSION = YES;
				CLANG_WARN_CONSTANT_CONVERSION = YES;
				CLANG_WARN_DIRECT_OBJC_ISA_USAGE = YES_ERROR;
				CLANG_WARN_EMPTY_BODY = YES;
				CLANG_WARN_ENUM_CONVERSION = YES;
				CLANG_WARN_INT_CONVERSION = YES;
				CLANG_WARN_OBJC_ROOT_CLASS = YES_ERROR;
				CLANG_WARN_UNREACHABLE_CODE = YES;
				CLANG_WARN__DUPLICATE_METHOD_MATCH = YES;
				"CODE_SIGN_IDENTITY[sdk=iphoneos*]" = "iPhone Developer";
				COPY_PHASE_STRIP = NO;
				DEBUG_INFORMATION_FORMAT = dwarf;
				ENABLE_STRICT_OBJC_MSGSEND = YES;
				ENABLE_TESTABILITY = YES;
				GCC_C_LANGUAGE_STANDARD = gnu99;
				GCC_DYNAMIC_NO_PIC = NO;
				GCC_NO_COMMON_BLOCKS = YES;
				GCC_OPTIMIZATION_LEVEL = 0;
				GCC_PREPROCESSOR_DEFINITIONS = (
					"DEBUG=1",
					"$(inherited)",
				);
				GCC_WARN_64_TO_32_BIT_CONVERSION = YES;
				GCC_WARN_ABOUT_RETURN_TYPE = YES_ERROR;
				GCC_WARN_UNDECLARED_SELECTOR = YES;
				GCC_WARN_UNINITIALIZED_AUTOS = YES_AGGRESSIVE;
				GCC_WARN_UNUSED_FUNCTION = YES;
				GCC_WARN_UNUSED_VARIABLE = YES;
				IPHONEOS_DEPLOYMENT_TARGET = 9.2;
				MTL_ENABLE_DEBUG_INFO = YES;
				ONLY_ACTIVE_ARCH = YES;
				SDKROOT = iphoneos;
				SWIFT_OPTIMIZATION_LEVEL = "-Onone";
				TARGETED_DEVICE_FAMILY = "1,2";
			};
			name = Debug;
		};
		C311EFD01CA8F713002BE654 /* Release */ = {
			isa = XCBuildConfiguration;
			buildSettings = {
				ALWAYS_SEARCH_USER_PATHS = NO;
				CLANG_CXX_LANGUAGE_STANDARD = "gnu++0x";
				CLANG_CXX_LIBRARY = "libc++";
				CLANG_ENABLE_MODULES = YES;
				CLANG_ENABLE_OBJC_ARC = YES;
				CLANG_WARN_BOOL_CONVERSION = YES;
				CLANG_WARN_CONSTANT_CONVERSION = YES;
				CLANG_WARN_DIRECT_OBJC_ISA_USAGE = YES_ERROR;
				CLANG_WARN_EMPTY_BODY = YES;
				CLANG_WARN_ENUM_CONVERSION = YES;
				CLANG_WARN_INT_CONVERSION = YES;
				CLANG_WARN_OBJC_ROOT_CLASS = YES_ERROR;
				CLANG_WARN_UNREACHABLE_CODE = YES;
				CLANG_WARN__DUPLICATE_METHOD_MATCH = YES;
				"CODE_SIGN_IDENTITY[sdk=iphoneos*]" = "iPhone Developer";
				COPY_PHASE_STRIP = NO;
				DEBUG_INFORMATION_FORMAT = "dwarf-with-dsym";
				ENABLE_NS_ASSERTIONS = NO;
				ENABLE_STRICT_OBJC_MSGSEND = YES;
				GCC_C_LANGUAGE_STANDARD = gnu99;
				GCC_NO_COMMON_BLOCKS = YES;
				GCC_WARN_64_TO_32_BIT_CONVERSION = YES;
				GCC_WARN_ABOUT_RETURN_TYPE = YES_ERROR;
				GCC_WARN_UNDECLARED_SELECTOR = YES;
				GCC_WARN_UNINITIALIZED_AUTOS = YES_AGGRESSIVE;
				GCC_WARN_UNUSED_FUNCTION = YES;
				GCC_WARN_UNUSED_VARIABLE = YES;
				IPHONEOS_DEPLOYMENT_TARGET = 9.2;
				MTL_ENABLE_DEBUG_INFO = NO;
				SDKROOT = iphoneos;
				TARGETED_DEVICE_FAMILY = "1,2";
				VALIDATE_PRODUCT = YES;
			};
			name = Release;
		};
		C311EFD21CA8F713002BE654 /* Debug */ = {
			isa = XCBuildConfiguration;
			buildSettings = {
				ASSETCATALOG_COMPILER_APPICON_NAME = AppIcon;
				INFOPLIST_FILE = DevBootCamps/Info.plist;
				LD_RUNPATH_SEARCH_PATHS = "$(inherited) @executable_path/Frameworks";
				PRODUCT_BUNDLE_IDENTIFIER = com.NeoChoi.DevBootCamps;
				PRODUCT_NAME = "$(TARGET_NAME)";
			};
			name = Debug;
		};
		C311EFD31CA8F713002BE654 /* Release */ = {
			isa = XCBuildConfiguration;
			buildSettings = {
				ASSETCATALOG_COMPILER_APPICON_NAME = AppIcon;
				INFOPLIST_FILE = DevBootCamps/Info.plist;
				LD_RUNPATH_SEARCH_PATHS = "$(inherited) @executable_path/Frameworks";
				PRODUCT_BUNDLE_IDENTIFIER = com.NeoChoi.DevBootCamps;
				PRODUCT_NAME = "$(TARGET_NAME)";
			};
			name = Release;
		};
/* End XCBuildConfiguration section */

/* Begin XCConfigurationList section */
		C311EFB81CA8F713002BE654 /* Build configuration list for PBXProject "DevBootCamps" */ = {
			isa = XCConfigurationList;
			buildConfigurations = (
				C311EFCF1CA8F713002BE654 /* Debug */,
				C311EFD01CA8F713002BE654 /* Release */,
			);
			defaultConfigurationIsVisible = 0;
			defaultConfigurationName = Release;
		};
		C311EFD11CA8F713002BE654 /* Build configuration list for PBXNativeTarget "DevBootCamps" */ = {
			isa = XCConfigurationList;
			buildConfigurations = (
				C311EFD21CA8F713002BE654 /* Debug */,
				C311EFD31CA8F713002BE654 /* Release */,
			);
			defaultConfigurationIsVisible = 0;
			defaultConfigurationName = Release;
		};
/* End XCConfigurationList section */
	};
	rootObject = C311EFB51CA8F713002BE654 /* Project object */;
}
